
Microsoft Visual Studio Solution File, Format Version 12.00
# Visual Studio Version 17
VisualStudioVersion = 17.7.34018.315
MinimumVisualStudioVersion = 10.0.40219.1
Project("{9A19103F-16F7-4668-BE54-9A1E7A4F7556}") = "Simple-Producer", "Kafka-producer-consumer-simple\simple-producer\Simple-Producer.csproj", "{04AF84C6-D85A-4AE7-B716-8C042FCD50EE}"
EndProject
Project("{9A19103F-16F7-4668-BE54-9A1E7A4F7556}") = "Simple-Consumer", "Kafka-producer-consumer-simple\simple-consumer\Simple-Consumer.csproj", "{DB3FD1F9-D973-4A79-BD75-6009743E8FD7}"
EndProject
Project("{9A19103F-16F7-4668-BE54-9A1E7A4F7556}") = "KsqlDb", "Kafka-KsqlDb\KsqlDb\KsqlDb.csproj", "{C74925EC-6439-4CB1-B644-CFD03F0EFC60}"
EndProject
Project("{9A19103F-16F7-4668-BE54-9A1E7A4F7556}") = "KsqlDb.Tests", "Kafka-KsqlDb\KsqlDb.Tests\KsqlDb.Tests.csproj", "{20118E17-D8E0-4A90-BF6C-382CC01D966F}"
EndProject
Project("{2150E333-8FDC-42A3-9474-1A3956D46DE8}") = "ksqlDB.RestApi.Client-Forked", "ksqlDB.RestApi.Client-Forked", "{B7A81F14-5E59-4697-B075-2445CE799599}"
EndProject
Project("{9A19103F-16F7-4668-BE54-9A1E7A4F7556}") = "ksqlDB.RestApi.Client", "Kafka-KsqlDb\ksqlDB.RestApi.Client-Forked\ksqlDb.RestApi.Client\ksqlDB.RestApi.Client.csproj", "{91CB4853-07F3-40C1-A3F0-3D8EFCC7EFBE}"
EndProject
Project("{2150E333-8FDC-42A3-9474-1A3956D46DE8}") = "Tests", "Tests", "{5BD783E2-E68A-4D2F-99A3-C66D10A68A19}"
EndProject
Project("{9A19103F-16F7-4668-BE54-9A1E7A4F7556}") = "UnitTests", "Kafka-KsqlDb\ksqlDB.RestApi.Client-Forked\Tests\UnitTests\UnitTests.csproj", "{48E71BFF-5DAA-4E41-A574-3637CC584155}"
EndProject
Project("{9A19103F-16F7-4668-BE54-9A1E7A4F7556}") = "SqlServer.Connector.Tests", "Kafka-KsqlDb\ksqlDB.RestApi.Client-Forked\Tests\SqlServer.Connector.Tests\SqlServer.Connector.Tests.csproj", "{748E8656-7E3C-449E-B7E7-CCA85FEBB8BC}"
EndProject
Project("{9A19103F-16F7-4668-BE54-9A1E7A4F7556}") = "ksqlDB.Api.Client.Tests", "Kafka-KsqlDb\ksqlDB.RestApi.Client-Forked\Tests\ksqlDB.RestApi.Client.Tests\ksqlDB.Api.Client.Tests.csproj", "{7D882521-0C57-4141-A59A-5B31A0787D9D}"
EndProject
Project("{9A19103F-16F7-4668-BE54-9A1E7A4F7556}") = "ksqlDB.Api.Client.IntegrationTests", "Kafka-KsqlDb\ksqlDB.RestApi.Client-Forked\Tests\ksqlDB.RestApi.Client.IntegrationTests\ksqlDB.Api.Client.IntegrationTests.csproj", "{7F88A0A0-3FF6-4CF1-AA27-26EBD663D4FC}"
EndProject
Project("{9A19103F-16F7-4668-BE54-9A1E7A4F7556}") = "SqlServer.Connector", "Kafka-KsqlDb\ksqlDB.RestApi.Client-Forked\SqlServer.Connector\SqlServer.Connector.csproj", "{18AADDE6-65D5-4F41-BFF8-E884F751398B}"
EndProject
Project("{2150E333-8FDC-42A3-9474-1A3956D46DE8}") = "Samples", "Samples", "{6E46F213-921B-415F-83B4-58A9D91DF341}"
EndProject
Project("{9A19103F-16F7-4668-BE54-9A1E7A4F7556}") = "InsideOut", "Kafka-KsqlDb\ksqlDB.RestApi.Client-Forked\Samples\InsideOut\InsideOut.csproj", "{6A3CBDA8-92DE-49C9-9932-7311736A3D67}"
EndProject
Project("{9A19103F-16F7-4668-BE54-9A1E7A4F7556}") = "ksqlDB.Api.Client.Samples", "Kafka-KsqlDb\ksqlDB.RestApi.Client-Forked\Samples\ksqlDB.RestApi.Client.Sample\ksqlDB.Api.Client.Samples.csproj", "{EFEAB35C-CC71-42BB-BC6C-1A23577FF832}"
EndProject
Project("{9A19103F-16F7-4668-BE54-9A1E7A4F7556}") = "ksqlDB.RestApi.Client.WorkerService", "Kafka-KsqlDb\ksqlDB.RestApi.Client-Forked\Samples\ksqldB.RestApi.Client.WorkerService\ksqlDB.RestApi.Client.WorkerService\ksqlDB.RestApi.Client.WorkerService.csproj", "{D51E5179-DE4B-4483-8D10-80E8C43C483D}"
EndProject
Project("{9A19103F-16F7-4668-BE54-9A1E7A4F7556}") = "Statements", "Kafka-KsqlDb\ksqlDB.RestApi.Client-Forked\Samples\Statements\Statements.csproj", "{0E4A7C94-350A-4CE8-9180-0C3722EB55BC}"
EndProject
Project("{9A19103F-16F7-4668-BE54-9A1E7A4F7556}") = "ksqlDb.RestApi.Client.ProtoBuf", "Kafka-KsqlDb\ksqlDB.RestApi.Client-Forked\ksqlDb.RestApi.Client.ProtoBuf\ksqlDb.RestApi.Client.ProtoBuf.csproj", "{0125C8CD-C516-4713-9B5D-6DD83179199A}"
EndProject
Project("{2150E333-8FDC-42A3-9474-1A3956D46DE8}") = "Kafka-producer-consumer-simple", "Kafka-producer-consumer-simple", "{BFAC2283-CCE7-4555-A4A0-B5885D33B7EC}"
EndProject
Project("{2150E333-8FDC-42A3-9474-1A3956D46DE8}") = "Kafka-KafkaFlow", "Kafka-KafkaFlow", "{9883C3B7-26D1-43D9-B6F1-6AE8DAE66EAB}"
	ProjectSection(SolutionItems) = preProject
		Kafka-KafkaFlow-producer-consumer\README.md = Kafka-KafkaFlow-producer-consumer\README.md
	EndProjectSection
EndProject
Project("{2150E333-8FDC-42A3-9474-1A3956D46DE8}") = "Kafka-KsqlDb", "Kafka-KsqlDb", "{A67A6868-B97C-4103-ACFF-328117CD7243}"
EndProject
Project("{2150E333-8FDC-42A3-9474-1A3956D46DE8}") = "Kafka-streaming-WikiEdit", "Kafka-streaming-WikiEdit", "{3B04A0EC-782D-41D8-AD34-A024F376066B}"
EndProject
Project("{9A19103F-16F7-4668-BE54-9A1E7A4F7556}") = "Consumer", "Kafka-KafkaFlow-producer-consumer\KafkaFlow-consumer\Consumer.csproj", "{C6698C43-DC9D-406E-8FB6-E7FF0870801A}"
EndProject
Project("{9A19103F-16F7-4668-BE54-9A1E7A4F7556}") = "Producer", "Kafka-KafkaFlow-producer-consumer\KafkaFlow-producer\Producer.csproj", "{32BABD59-46FC-498D-A60A-6C7869493975}"
EndProject
Project("{2150E333-8FDC-42A3-9474-1A3956D46DE8}") = "Solution Items", "Solution Items", "{DDE6D3D4-C3AB-4E8B-B288-FC83FE6A5538}"
	ProjectSection(SolutionItems) = preProject
		docker\docker-compose-confluent.yml = docker\docker-compose-confluent.yml
		docker\docker-compose-kafkaFlow.yml = docker\docker-compose-kafkaFlow.yml
		docker\docker-compose-ksqldb-rest.yml = docker\docker-compose-ksqldb-rest.yml
		docker\docker-compose-opensearch.yml = docker\docker-compose-opensearch.yml
		README.md = README.md
	EndProjectSection
EndProject
Project("{9A19103F-16F7-4668-BE54-9A1E7A4F7556}") = "FlowControl", "Kafka-KafkaFlow-producer-consumer\KafkaFlow-FlowControl\FlowControl.csproj", "{83B50544-A33B-4F6D-98A9-B5134932B607}"
EndProject
Project("{2150E333-8FDC-42A3-9474-1A3956D46DE8}") = "Kafka-KsqlDb-KafkaFlow-complex", "Kafka-KsqlDb-KafkaFlow-complex", "{DF9F2730-5804-4E71-9277-1DF25B7FE64C}"
EndProject
Project("{9A19103F-16F7-4668-BE54-9A1E7A4F7556}") = "Kafka-ksqldb-complex", "Kafka-KsqlDb-KafkaFlow-complex\Kafka-ksqldb-complex\Kafka-ksqldb-complex.csproj", "{2A9AB250-3491-4075-B5B7-0A3BFEFDE1D1}"
EndProject
Project("{9A19103F-16F7-4668-BE54-9A1E7A4F7556}") = "Kafka-KafkaFlow-sampledata-producer", "Kafka-KsqlDb-KafkaFlow-complex\Kafka-KafkaFlow-sampledata-producer\Kafka-KafkaFlow-sampledata-producer.csproj", "{BCAE6B89-8F89-4935-9EFF-6511123122B6}"
EndProject
Project("{9A19103F-16F7-4668-BE54-9A1E7A4F7556}") = "WikiEditStream", "Kafka-streaming-WikiEdit\Kafka-WikiEditStream\WikiEditStream.csproj", "{1376B16F-88FE-415A-9452-8C4B9F6CDD29}"
EndProject
Project("{9A19103F-16F7-4668-BE54-9A1E7A4F7556}") = "WikiEditStream.Tests", "Kafka-streaming-WikiEdit\Kafka-WikiEditStream.Tests\WikiEditStream.Tests.csproj", "{D1E67449-5024-4F27-A053-BCFF4F79E213}"
EndProject
Project("{2150E333-8FDC-42A3-9474-1A3956D46DE8}") = "Kafka-Apache-Spark", "Kafka-Apache-Spark", "{02C09DB6-0879-4027-A4B9-B6750885832A}"
EndProject
Project("{9A19103F-16F7-4668-BE54-9A1E7A4F7556}") = "Kafka-Apache-Spark", "Kafka-Apache-Spark\Kafka-Apache-Spark\Kafka-Apache-Spark.csproj", "{45149396-76DA-4A90-9820-42467DE239C8}"
EndProject
Global
	GlobalSection(SolutionConfigurationPlatforms) = preSolution
		Debug|Any CPU = Debug|Any CPU
		Release|Any CPU = Release|Any CPU
	EndGlobalSection
	GlobalSection(ProjectConfigurationPlatforms) = postSolution
		{04AF84C6-D85A-4AE7-B716-8C042FCD50EE}.Debug|Any CPU.ActiveCfg = Debug|Any CPU
		{04AF84C6-D85A-4AE7-B716-8C042FCD50EE}.Debug|Any CPU.Build.0 = Debug|Any CPU
		{04AF84C6-D85A-4AE7-B716-8C042FCD50EE}.Release|Any CPU.ActiveCfg = Release|Any CPU
		{04AF84C6-D85A-4AE7-B716-8C042FCD50EE}.Release|Any CPU.Build.0 = Release|Any CPU
		{DB3FD1F9-D973-4A79-BD75-6009743E8FD7}.Debug|Any CPU.ActiveCfg = Debug|Any CPU
		{DB3FD1F9-D973-4A79-BD75-6009743E8FD7}.Debug|Any CPU.Build.0 = Debug|Any CPU
		{DB3FD1F9-D973-4A79-BD75-6009743E8FD7}.Release|Any CPU.ActiveCfg = Release|Any CPU
		{DB3FD1F9-D973-4A79-BD75-6009743E8FD7}.Release|Any CPU.Build.0 = Release|Any CPU
		{C74925EC-6439-4CB1-B644-CFD03F0EFC60}.Debug|Any CPU.ActiveCfg = Debug|Any CPU
		{C74925EC-6439-4CB1-B644-CFD03F0EFC60}.Debug|Any CPU.Build.0 = Debug|Any CPU
		{C74925EC-6439-4CB1-B644-CFD03F0EFC60}.Release|Any CPU.ActiveCfg = Release|Any CPU
		{C74925EC-6439-4CB1-B644-CFD03F0EFC60}.Release|Any CPU.Build.0 = Release|Any CPU
		{20118E17-D8E0-4A90-BF6C-382CC01D966F}.Debug|Any CPU.ActiveCfg = Debug|Any CPU
		{20118E17-D8E0-4A90-BF6C-382CC01D966F}.Debug|Any CPU.Build.0 = Debug|Any CPU
		{20118E17-D8E0-4A90-BF6C-382CC01D966F}.Release|Any CPU.ActiveCfg = Release|Any CPU
		{20118E17-D8E0-4A90-BF6C-382CC01D966F}.Release|Any CPU.Build.0 = Release|Any CPU
		{91CB4853-07F3-40C1-A3F0-3D8EFCC7EFBE}.Debug|Any CPU.ActiveCfg = Debug|Any CPU
		{91CB4853-07F3-40C1-A3F0-3D8EFCC7EFBE}.Debug|Any CPU.Build.0 = Debug|Any CPU
		{91CB4853-07F3-40C1-A3F0-3D8EFCC7EFBE}.Release|Any CPU.ActiveCfg = Release|Any CPU
		{91CB4853-07F3-40C1-A3F0-3D8EFCC7EFBE}.Release|Any CPU.Build.0 = Release|Any CPU
		{48E71BFF-5DAA-4E41-A574-3637CC584155}.Debug|Any CPU.ActiveCfg = Debug|Any CPU
		{48E71BFF-5DAA-4E41-A574-3637CC584155}.Debug|Any CPU.Build.0 = Debug|Any CPU
		{48E71BFF-5DAA-4E41-A574-3637CC584155}.Release|Any CPU.ActiveCfg = Release|Any CPU
		{48E71BFF-5DAA-4E41-A574-3637CC584155}.Release|Any CPU.Build.0 = Release|Any CPU
		{748E8656-7E3C-449E-B7E7-CCA85FEBB8BC}.Debug|Any CPU.ActiveCfg = Debug|Any CPU
		{748E8656-7E3C-449E-B7E7-CCA85FEBB8BC}.Debug|Any CPU.Build.0 = Debug|Any CPU
		{748E8656-7E3C-449E-B7E7-CCA85FEBB8BC}.Release|Any CPU.ActiveCfg = Release|Any CPU
		{748E8656-7E3C-449E-B7E7-CCA85FEBB8BC}.Release|Any CPU.Build.0 = Release|Any CPU
		{7D882521-0C57-4141-A59A-5B31A0787D9D}.Debug|Any CPU.ActiveCfg = Debug|Any CPU
		{7D882521-0C57-4141-A59A-5B31A0787D9D}.Debug|Any CPU.Build.0 = Debug|Any CPU
		{7D882521-0C57-4141-A59A-5B31A0787D9D}.Release|Any CPU.ActiveCfg = Release|Any CPU
		{7D882521-0C57-4141-A59A-5B31A0787D9D}.Release|Any CPU.Build.0 = Release|Any CPU
		{7F88A0A0-3FF6-4CF1-AA27-26EBD663D4FC}.Debug|Any CPU.ActiveCfg = Debug|Any CPU
		{7F88A0A0-3FF6-4CF1-AA27-26EBD663D4FC}.Debug|Any CPU.Build.0 = Debug|Any CPU
		{7F88A0A0-3FF6-4CF1-AA27-26EBD663D4FC}.Release|Any CPU.ActiveCfg = Release|Any CPU
		{7F88A0A0-3FF6-4CF1-AA27-26EBD663D4FC}.Release|Any CPU.Build.0 = Release|Any CPU
		{18AADDE6-65D5-4F41-BFF8-E884F751398B}.Debug|Any CPU.ActiveCfg = Debug|Any CPU
		{18AADDE6-65D5-4F41-BFF8-E884F751398B}.Debug|Any CPU.Build.0 = Debug|Any CPU
		{18AADDE6-65D5-4F41-BFF8-E884F751398B}.Release|Any CPU.ActiveCfg = Release|Any CPU
		{18AADDE6-65D5-4F41-BFF8-E884F751398B}.Release|Any CPU.Build.0 = Release|Any CPU
		{6A3CBDA8-92DE-49C9-9932-7311736A3D67}.Debug|Any CPU.ActiveCfg = Debug|Any CPU
		{6A3CBDA8-92DE-49C9-9932-7311736A3D67}.Debug|Any CPU.Build.0 = Debug|Any CPU
		{6A3CBDA8-92DE-49C9-9932-7311736A3D67}.Release|Any CPU.ActiveCfg = Release|Any CPU
		{6A3CBDA8-92DE-49C9-9932-7311736A3D67}.Release|Any CPU.Build.0 = Release|Any CPU
		{EFEAB35C-CC71-42BB-BC6C-1A23577FF832}.Debug|Any CPU.ActiveCfg = Debug|Any CPU
		{EFEAB35C-CC71-42BB-BC6C-1A23577FF832}.Debug|Any CPU.Build.0 = Debug|Any CPU
		{EFEAB35C-CC71-42BB-BC6C-1A23577FF832}.Release|Any CPU.ActiveCfg = Release|Any CPU
		{EFEAB35C-CC71-42BB-BC6C-1A23577FF832}.Release|Any CPU.Build.0 = Release|Any CPU
		{D51E5179-DE4B-4483-8D10-80E8C43C483D}.Debug|Any CPU.ActiveCfg = Debug|Any CPU
		{D51E5179-DE4B-4483-8D10-80E8C43C483D}.Debug|Any CPU.Build.0 = Debug|Any CPU
		{D51E5179-DE4B-4483-8D10-80E8C43C483D}.Release|Any CPU.ActiveCfg = Release|Any CPU
		{D51E5179-DE4B-4483-8D10-80E8C43C483D}.Release|Any CPU.Build.0 = Release|Any CPU
		{0E4A7C94-350A-4CE8-9180-0C3722EB55BC}.Debug|Any CPU.ActiveCfg = Debug|Any CPU
		{0E4A7C94-350A-4CE8-9180-0C3722EB55BC}.Debug|Any CPU.Build.0 = Debug|Any CPU
		{0E4A7C94-350A-4CE8-9180-0C3722EB55BC}.Release|Any CPU.ActiveCfg = Release|Any CPU
		{0E4A7C94-350A-4CE8-9180-0C3722EB55BC}.Release|Any CPU.Build.0 = Release|Any CPU
		{0125C8CD-C516-4713-9B5D-6DD83179199A}.Debug|Any CPU.ActiveCfg = Debug|Any CPU
		{0125C8CD-C516-4713-9B5D-6DD83179199A}.Debug|Any CPU.Build.0 = Debug|Any CPU
		{0125C8CD-C516-4713-9B5D-6DD83179199A}.Release|Any CPU.ActiveCfg = Release|Any CPU
		{0125C8CD-C516-4713-9B5D-6DD83179199A}.Release|Any CPU.Build.0 = Release|Any CPU
		{C6698C43-DC9D-406E-8FB6-E7FF0870801A}.Debug|Any CPU.ActiveCfg = Debug|Any CPU
		{C6698C43-DC9D-406E-8FB6-E7FF0870801A}.Debug|Any CPU.Build.0 = Debug|Any CPU
		{C6698C43-DC9D-406E-8FB6-E7FF0870801A}.Release|Any CPU.ActiveCfg = Release|Any CPU
		{C6698C43-DC9D-406E-8FB6-E7FF0870801A}.Release|Any CPU.Build.0 = Release|Any CPU
		{32BABD59-46FC-498D-A60A-6C7869493975}.Debug|Any CPU.ActiveCfg = Debug|Any CPU
		{32BABD59-46FC-498D-A60A-6C7869493975}.Debug|Any CPU.Build.0 = Debug|Any CPU
		{32BABD59-46FC-498D-A60A-6C7869493975}.Release|Any CPU.ActiveCfg = Release|Any CPU
		{32BABD59-46FC-498D-A60A-6C7869493975}.Release|Any CPU.Build.0 = Release|Any CPU
		{83B50544-A33B-4F6D-98A9-B5134932B607}.Debug|Any CPU.ActiveCfg = Debug|Any CPU
		{83B50544-A33B-4F6D-98A9-B5134932B607}.Debug|Any CPU.Build.0 = Debug|Any CPU
		{83B50544-A33B-4F6D-98A9-B5134932B607}.Release|Any CPU.ActiveCfg = Release|Any CPU
		{83B50544-A33B-4F6D-98A9-B5134932B607}.Release|Any CPU.Build.0 = Release|Any CPU
		{2A9AB250-3491-4075-B5B7-0A3BFEFDE1D1}.Debug|Any CPU.ActiveCfg = Debug|Any CPU
		{2A9AB250-3491-4075-B5B7-0A3BFEFDE1D1}.Debug|Any CPU.Build.0 = Debug|Any CPU
		{2A9AB250-3491-4075-B5B7-0A3BFEFDE1D1}.Release|Any CPU.ActiveCfg = Release|Any CPU
		{2A9AB250-3491-4075-B5B7-0A3BFEFDE1D1}.Release|Any CPU.Build.0 = Release|Any CPU
		{BCAE6B89-8F89-4935-9EFF-6511123122B6}.Debug|Any CPU.ActiveCfg = Debug|Any CPU
		{BCAE6B89-8F89-4935-9EFF-6511123122B6}.Debug|Any CPU.Build.0 = Debug|Any CPU
		{BCAE6B89-8F89-4935-9EFF-6511123122B6}.Release|Any CPU.ActiveCfg = Release|Any CPU
		{BCAE6B89-8F89-4935-9EFF-6511123122B6}.Release|Any CPU.Build.0 = Release|Any CPU
		{1376B16F-88FE-415A-9452-8C4B9F6CDD29}.Debug|Any CPU.ActiveCfg = Debug|Any CPU
		{1376B16F-88FE-415A-9452-8C4B9F6CDD29}.Debug|Any CPU.Build.0 = Debug|Any CPU
		{1376B16F-88FE-415A-9452-8C4B9F6CDD29}.Release|Any CPU.ActiveCfg = Release|Any CPU
		{1376B16F-88FE-415A-9452-8C4B9F6CDD29}.Release|Any CPU.Build.0 = Release|Any CPU
		{D1E67449-5024-4F27-A053-BCFF4F79E213}.Debug|Any CPU.ActiveCfg = Debug|Any CPU
		{D1E67449-5024-4F27-A053-BCFF4F79E213}.Debug|Any CPU.Build.0 = Debug|Any CPU
		{D1E67449-5024-4F27-A053-BCFF4F79E213}.Release|Any CPU.ActiveCfg = Release|Any CPU
		{D1E67449-5024-4F27-A053-BCFF4F79E213}.Release|Any CPU.Build.0 = Release|Any CPU
		{45149396-76DA-4A90-9820-42467DE239C8}.Debug|Any CPU.ActiveCfg = Debug|Any CPU
		{45149396-76DA-4A90-9820-42467DE239C8}.Debug|Any CPU.Build.0 = Debug|Any CPU
		{45149396-76DA-4A90-9820-42467DE239C8}.Release|Any CPU.ActiveCfg = Release|Any CPU
		{45149396-76DA-4A90-9820-42467DE239C8}.Release|Any CPU.Build.0 = Release|Any CPU
	EndGlobalSection
	GlobalSection(SolutionProperties) = preSolution
		HideSolutionNode = FALSE
	EndGlobalSection
	GlobalSection(NestedProjects) = preSolution
		{04AF84C6-D85A-4AE7-B716-8C042FCD50EE} = {BFAC2283-CCE7-4555-A4A0-B5885D33B7EC}
		{DB3FD1F9-D973-4A79-BD75-6009743E8FD7} = {BFAC2283-CCE7-4555-A4A0-B5885D33B7EC}
		{C74925EC-6439-4CB1-B644-CFD03F0EFC60} = {A67A6868-B97C-4103-ACFF-328117CD7243}
		{20118E17-D8E0-4A90-BF6C-382CC01D966F} = {A67A6868-B97C-4103-ACFF-328117CD7243}
		{B7A81F14-5E59-4697-B075-2445CE799599} = {A67A6868-B97C-4103-ACFF-328117CD7243}
		{91CB4853-07F3-40C1-A3F0-3D8EFCC7EFBE} = {B7A81F14-5E59-4697-B075-2445CE799599}
		{5BD783E2-E68A-4D2F-99A3-C66D10A68A19} = {B7A81F14-5E59-4697-B075-2445CE799599}
		{48E71BFF-5DAA-4E41-A574-3637CC584155} = {5BD783E2-E68A-4D2F-99A3-C66D10A68A19}
		{748E8656-7E3C-449E-B7E7-CCA85FEBB8BC} = {5BD783E2-E68A-4D2F-99A3-C66D10A68A19}
		{7D882521-0C57-4141-A59A-5B31A0787D9D} = {5BD783E2-E68A-4D2F-99A3-C66D10A68A19}
		{7F88A0A0-3FF6-4CF1-AA27-26EBD663D4FC} = {5BD783E2-E68A-4D2F-99A3-C66D10A68A19}
		{18AADDE6-65D5-4F41-BFF8-E884F751398B} = {B7A81F14-5E59-4697-B075-2445CE799599}
		{6E46F213-921B-415F-83B4-58A9D91DF341} = {B7A81F14-5E59-4697-B075-2445CE799599}
		{6A3CBDA8-92DE-49C9-9932-7311736A3D67} = {6E46F213-921B-415F-83B4-58A9D91DF341}
		{EFEAB35C-CC71-42BB-BC6C-1A23577FF832} = {6E46F213-921B-415F-83B4-58A9D91DF341}
		{D51E5179-DE4B-4483-8D10-80E8C43C483D} = {6E46F213-921B-415F-83B4-58A9D91DF341}
		{0E4A7C94-350A-4CE8-9180-0C3722EB55BC} = {6E46F213-921B-415F-83B4-58A9D91DF341}
		{0125C8CD-C516-4713-9B5D-6DD83179199A} = {B7A81F14-5E59-4697-B075-2445CE799599}
		{C6698C43-DC9D-406E-8FB6-E7FF0870801A} = {9883C3B7-26D1-43D9-B6F1-6AE8DAE66EAB}
		{32BABD59-46FC-498D-A60A-6C7869493975} = {9883C3B7-26D1-43D9-B6F1-6AE8DAE66EAB}
		{83B50544-A33B-4F6D-98A9-B5134932B607} = {9883C3B7-26D1-43D9-B6F1-6AE8DAE66EAB}
		{2A9AB250-3491-4075-B5B7-0A3BFEFDE1D1} = {DF9F2730-5804-4E71-9277-1DF25B7FE64C}
		{BCAE6B89-8F89-4935-9EFF-6511123122B6} = {DF9F2730-5804-4E71-9277-1DF25B7FE64C}
		{1376B16F-88FE-415A-9452-8C4B9F6CDD29} = {3B04A0EC-782D-41D8-AD34-A024F376066B}
		{D1E67449-5024-4F27-A053-BCFF4F79E213} = {3B04A0EC-782D-41D8-AD34-A024F376066B}
		{45149396-76DA-4A90-9820-42467DE239C8} = {02C09DB6-0879-4027-A4B9-B6750885832A}
	EndGlobalSection
	GlobalSection(ExtensibilityGlobals) = postSolution
		SolutionGuid = {D83B2424-C1F1-4FAF-B9DA-E1ACE6854ABC}
	EndGlobalSection
EndGlobal
